
Microsoft Visual Studio Solution File, Format Version 12.00
# Visual Studio Version 17
VisualStudioVersion = 17.0.31903.59
MinimumVisualStudioVersion = 10.0.40219.1
Project("{2150E333-8FDC-42A3-9474-1A3956D46DE8}") = "src", "src", "{827E0CD3-B72D-47B6-A68D-7590B98EB39B}"
EndProject
Project("{FAE04EC0-301F-11D3-BF4B-00C04F79EFBC}") = "Cursos.Api", "src\Cursos.Api\Cursos.Api.csproj", "{0AB6B034-31F3-4467-9977-AA77855B1343}"
EndProject
Project("{FAE04EC0-301F-11D3-BF4B-00C04F79EFBC}") = "Cursos.Domain", "src\Cursos.Domain\Cursos.Domain.csproj", "{76FA711E-8726-4530-9D39-FF7AEA3983DA}"
EndProject
Project("{FAE04EC0-301F-11D3-BF4B-00C04F79EFBC}") = "Cursos.Persistence", "src\Cursos.Persistence\Cursos.Persistence.csproj", "{EFEA6D7F-8612-4D5F-A1D5-C3DEF55733DB}"
EndProject
Global
	GlobalSection(SolutionConfigurationPlatforms) = preSolution
		Debug|Any CPU = Debug|Any CPU
		Debug|x64 = Debug|x64
		Debug|x86 = Debug|x86
		Release|Any CPU = Release|Any CPU
		Release|x64 = Release|x64
		Release|x86 = Release|x86
	EndGlobalSection
	GlobalSection(ProjectConfigurationPlatforms) = postSolution
		{0AB6B034-31F3-4467-9977-AA77855B1343}.Debug|Any CPU.ActiveCfg = Debug|Any CPU
		{0AB6B034-31F3-4467-9977-AA77855B1343}.Debug|Any CPU.Build.0 = Debug|Any CPU
		{0AB6B034-31F3-4467-9977-AA77855B1343}.Debug|x64.ActiveCfg = Debug|Any CPU
		{0AB6B034-31F3-4467-9977-AA77855B1343}.Debug|x64.Build.0 = Debug|Any CPU
		{0AB6B034-31F3-4467-9977-AA77855B1343}.Debug|x86.ActiveCfg = Debug|Any CPU
		{0AB6B034-31F3-4467-9977-AA77855B1343}.Debug|x86.Build.0 = Debug|Any CPU
		{0AB6B034-31F3-4467-9977-AA77855B1343}.Release|Any CPU.ActiveCfg = Release|Any CPU
		{0AB6B034-31F3-4467-9977-AA77855B1343}.Release|Any CPU.Build.0 = Release|Any CPU
		{0AB6B034-31F3-4467-9977-AA77855B1343}.Release|x64.ActiveCfg = Release|Any CPU
		{0AB6B034-31F3-4467-9977-AA77855B1343}.Release|x64.Build.0 = Release|Any CPU
		{0AB6B034-31F3-4467-9977-AA77855B1343}.Release|x86.ActiveCfg = Release|Any CPU
		{0AB6B034-31F3-4467-9977-AA77855B1343}.Release|x86.Build.0 = Release|Any CPU
		{76FA711E-8726-4530-9D39-FF7AEA3983DA}.Debug|Any CPU.ActiveCfg = Debug|Any CPU
		{76FA711E-8726-4530-9D39-FF7AEA3983DA}.Debug|Any CPU.Build.0 = Debug|Any CPU
		{76FA711E-8726-4530-9D39-FF7AEA3983DA}.Debug|x64.ActiveCfg = Debug|Any CPU
		{76FA711E-8726-4530-9D39-FF7AEA3983DA}.Debug|x64.Build.0 = Debug|Any CPU
		{76FA711E-8726-4530-9D39-FF7AEA3983DA}.Debug|x86.ActiveCfg = Debug|Any CPU
		{76FA711E-8726-4530-9D39-FF7AEA3983DA}.Debug|x86.Build.0 = Debug|Any CPU
		{76FA711E-8726-4530-9D39-FF7AEA3983DA}.Release|Any CPU.ActiveCfg = Release|Any CPU
		{76FA711E-8726-4530-9D39-FF7AEA3983DA}.Release|Any CPU.Build.0 = Release|Any CPU
		{76FA711E-8726-4530-9D39-FF7AEA3983DA}.Release|x64.ActiveCfg = Release|Any CPU
		{76FA711E-8726-4530-9D39-FF7AEA3983DA}.Release|x64.Build.0 = Release|Any CPU
		{76FA711E-8726-4530-9D39-FF7AEA3983DA}.Release|x86.ActiveCfg = Release|Any CPU
		{76FA711E-8726-4530-9D39-FF7AEA3983DA}.Release|x86.Build.0 = Release|Any CPU
		{EFEA6D7F-8612-4D5F-A1D5-C3DEF55733DB}.Debug|Any CPU.ActiveCfg = Debug|Any CPU
		{EFEA6D7F-8612-4D5F-A1D5-C3DEF55733DB}.Debug|Any CPU.Build.0 = Debug|Any CPU
		{EFEA6D7F-8612-4D5F-A1D5-C3DEF55733DB}.Debug|x64.ActiveCfg = Debug|Any CPU
		{EFEA6D7F-8612-4D5F-A1D5-C3DEF55733DB}.Debug|x64.Build.0 = Debug|Any CPU
		{EFEA6D7F-8612-4D5F-A1D5-C3DEF55733DB}.Debug|x86.ActiveCfg = Debug|Any CPU
		{EFEA6D7F-8612-4D5F-A1D5-C3DEF55733DB}.Debug|x86.Build.0 = Debug|Any CPU
		{EFEA6D7F-8612-4D5F-A1D5-C3DEF55733DB}.Release|Any CPU.ActiveCfg = Release|Any CPU
		{EFEA6D7F-8612-4D5F-A1D5-C3DEF55733DB}.Release|Any CPU.Build.0 = Release|Any CPU
		{EFEA6D7F-8612-4D5F-A1D5-C3DEF55733DB}.Release|x64.ActiveCfg = Release|Any CPU
		{EFEA6D7F-8612-4D5F-A1D5-C3DEF55733DB}.Release|x64.Build.0 = Release|Any CPU
		{EFEA6D7F-8612-4D5F-A1D5-C3DEF55733DB}.Release|x86.ActiveCfg = Release|Any CPU
		{EFEA6D7F-8612-4D5F-A1D5-C3DEF55733DB}.Release|x86.Build.0 = Release|Any CPU
	EndGlobalSection
	GlobalSection(SolutionProperties) = preSolution
		HideSolutionNode = FALSE
	EndGlobalSection
	GlobalSection(NestedProjects) = preSolution
		{0AB6B034-31F3-4467-9977-AA77855B1343} = {827E0CD3-B72D-47B6-A68D-7590B98EB39B}
		{76FA711E-8726-4530-9D39-FF7AEA3983DA} = {827E0CD3-B72D-47B6-A68D-7590B98EB39B}
		{EFEA6D7F-8612-4D5F-A1D5-C3DEF55733DB} = {827E0CD3-B72D-47B6-A68D-7590B98EB39B}
	EndGlobalSection
EndGlobal
